// !$*UTF8*$!
{
	archiveVersion = 1;
	classes = {
	};
	objectVersion = 51;
	objects = {

/* Begin PBXBuildFile section */
		7042D779267352F100979361 /* AppDelegate.swift in Sources */ = {isa = PBXBuildFile; fileRef = 7042D778267352F100979361 /* AppDelegate.swift */; };
		7042D782267352F300979361 /* Assets.xcassets in Resources */ = {isa = PBXBuildFile; fileRef = 7042D781267352F300979361 /* Assets.xcassets */; };
		7042D785267352F300979361 /* LaunchScreen.storyboard in Resources */ = {isa = PBXBuildFile; fileRef = 7042D783267352F300979361 /* LaunchScreen.storyboard */; };
		7042D790267352F400979361 /* JourneyCompetencyTestTests.swift in Sources */ = {isa = PBXBuildFile; fileRef = 7042D78F267352F400979361 /* JourneyCompetencyTestTests.swift */; };
		7042D79B267352F400979361 /* JourneyCompetencyTestUITests.swift in Sources */ = {isa = PBXBuildFile; fileRef = 7042D79A267352F400979361 /* JourneyCompetencyTestUITests.swift */; };
		7042D7AA2673546F00979361 /* Constants.swift in Sources */ = {isa = PBXBuildFile; fileRef = 7042D7A92673546F00979361 /* Constants.swift */; };
		7042D7AC2673548300979361 /* AlamofireHelp.swift in Sources */ = {isa = PBXBuildFile; fileRef = 7042D7AB2673548300979361 /* AlamofireHelp.swift */; };
		7042D7B92673568E00979361 /* Post.storyboard in Resources */ = {isa = PBXBuildFile; fileRef = 7042D7B82673568E00979361 /* Post.storyboard */; };
		7042D7BB2673570F00979361 /* Post.swift in Sources */ = {isa = PBXBuildFile; fileRef = 7042D7BA2673570F00979361 /* Post.swift */; };
		7042D7BD2673580200979361 /* PostVC.swift in Sources */ = {isa = PBXBuildFile; fileRef = 7042D7BC2673580200979361 /* PostVC.swift */; };
		7042D7C02673584E00979361 /* PostRouter.swift in Sources */ = {isa = PBXBuildFile; fileRef = 7042D7BE2673584E00979361 /* PostRouter.swift */; };
		7042D7C12673584E00979361 /* PostRouterInput.swift in Sources */ = {isa = PBXBuildFile; fileRef = 7042D7BF2673584E00979361 /* PostRouterInput.swift */; };
		7042D7C42673586600979361 /* PostInteractor.swift in Sources */ = {isa = PBXBuildFile; fileRef = 7042D7C22673586600979361 /* PostInteractor.swift */; };
		7042D7C52673586600979361 /* PostInteractorIO.swift in Sources */ = {isa = PBXBuildFile; fileRef = 7042D7C32673586600979361 /* PostInteractorIO.swift */; };
		7042D7C82673588F00979361 /* PostTableCell.swift in Sources */ = {isa = PBXBuildFile; fileRef = 7042D7C72673588F00979361 /* PostTableCell.swift */; };
		7042D7CA267358A200979361 /* PostPresenter.swift in Sources */ = {isa = PBXBuildFile; fileRef = 7042D7C9267358A200979361 /* PostPresenter.swift */; };
		7042D7CC267358B200979361 /* PostFactory.swift in Sources */ = {isa = PBXBuildFile; fileRef = 7042D7CB267358B200979361 /* PostFactory.swift */; };
		7042D7CE267358EB00979361 /* PostIO.swift in Sources */ = {isa = PBXBuildFile; fileRef = 7042D7CD267358EB00979361 /* PostIO.swift */; };
		8929B27CF4C7AB39E526A6E6 /* Pods_JourneyCompetencyTestTests.framework in Frameworks */ = {isa = PBXBuildFile; fileRef = D1C113982065060A4551B5B4 /* Pods_JourneyCompetencyTestTests.framework */; };
		C3068582A26F041011BF1EA6 /* Pods_JourneyCompetencyTest_JourneyCompetencyTestUITests.framework in Frameworks */ = {isa = PBXBuildFile; fileRef = 755532CDC842B111C7F3E6D3 /* Pods_JourneyCompetencyTest_JourneyCompetencyTestUITests.framework */; };
		D75888FB483064B24CBFA0D8 /* Pods_JourneyCompetencyTest.framework in Frameworks */ = {isa = PBXBuildFile; fileRef = 28D5CFE507FC3FDE63D4F8AF /* Pods_JourneyCompetencyTest.framework */; };
/* End PBXBuildFile section */

/* Begin PBXContainerItemProxy section */
		7042D78C267352F300979361 /* PBXContainerItemProxy */ = {
			isa = PBXContainerItemProxy;
			containerPortal = 7042D76D267352F100979361 /* Project object */;
			proxyType = 1;
			remoteGlobalIDString = 7042D774267352F100979361;
			remoteInfo = JourneyCompetencyTest;
		};
		7042D797267352F400979361 /* PBXContainerItemProxy */ = {
			isa = PBXContainerItemProxy;
			containerPortal = 7042D76D267352F100979361 /* Project object */;
			proxyType = 1;
			remoteGlobalIDString = 7042D774267352F100979361;
			remoteInfo = JourneyCompetencyTest;
		};
/* End PBXContainerItemProxy section */

/* Begin PBXFileReference section */
		2029C137EB361083ADB87578 /* Pods-JourneyCompetencyTest-JourneyCompetencyTestUITests.release.xcconfig */ = {isa = PBXFileReference; includeInIndex = 1; lastKnownFileType = text.xcconfig; name = "Pods-JourneyCompetencyTest-JourneyCompetencyTestUITests.release.xcconfig"; path = "Target Support Files/Pods-JourneyCompetencyTest-JourneyCompetencyTestUITests/Pods-JourneyCompetencyTest-JourneyCompetencyTestUITests.release.xcconfig"; sourceTree = "<group>"; };
		2714B04C6DDD56460177DC81 /* Pods-JourneyCompetencyTest-JourneyCompetencyTestUITests.debug.xcconfig */ = {isa = PBXFileReference; includeInIndex = 1; lastKnownFileType = text.xcconfig; name = "Pods-JourneyCompetencyTest-JourneyCompetencyTestUITests.debug.xcconfig"; path = "Target Support Files/Pods-JourneyCompetencyTest-JourneyCompetencyTestUITests/Pods-JourneyCompetencyTest-JourneyCompetencyTestUITests.debug.xcconfig"; sourceTree = "<group>"; };
		28D5CFE507FC3FDE63D4F8AF /* Pods_JourneyCompetencyTest.framework */ = {isa = PBXFileReference; explicitFileType = wrapper.framework; includeInIndex = 0; path = Pods_JourneyCompetencyTest.framework; sourceTree = BUILT_PRODUCTS_DIR; };
		43163852294BFD7E082807B3 /* Pods-JourneyCompetencyTest.debug.xcconfig */ = {isa = PBXFileReference; includeInIndex = 1; lastKnownFileType = text.xcconfig; name = "Pods-JourneyCompetencyTest.debug.xcconfig"; path = "Target Support Files/Pods-JourneyCompetencyTest/Pods-JourneyCompetencyTest.debug.xcconfig"; sourceTree = "<group>"; };
		7042D775267352F100979361 /* JourneyCompetencyTest.app */ = {isa = PBXFileReference; explicitFileType = wrapper.application; includeInIndex = 0; path = JourneyCompetencyTest.app; sourceTree = BUILT_PRODUCTS_DIR; };
		7042D778267352F100979361 /* AppDelegate.swift */ = {isa = PBXFileReference; lastKnownFileType = sourcecode.swift; path = AppDelegate.swift; sourceTree = "<group>"; };
		7042D781267352F300979361 /* Assets.xcassets */ = {isa = PBXFileReference; lastKnownFileType = folder.assetcatalog; path = Assets.xcassets; sourceTree = "<group>"; };
		7042D784267352F300979361 /* Base */ = {isa = PBXFileReference; lastKnownFileType = file.storyboard; name = Base; path = Base.lproj/LaunchScreen.storyboard; sourceTree = "<group>"; };
		7042D786267352F300979361 /* Info.plist */ = {isa = PBXFileReference; lastKnownFileType = text.plist.xml; path = Info.plist; sourceTree = "<group>"; };
		7042D78B267352F300979361 /* JourneyCompetencyTestTests.xctest */ = {isa = PBXFileReference; explicitFileType = wrapper.cfbundle; includeInIndex = 0; path = JourneyCompetencyTestTests.xctest; sourceTree = BUILT_PRODUCTS_DIR; };
		7042D78F267352F400979361 /* JourneyCompetencyTestTests.swift */ = {isa = PBXFileReference; lastKnownFileType = sourcecode.swift; path = JourneyCompetencyTestTests.swift; sourceTree = "<group>"; };
		7042D791267352F400979361 /* Info.plist */ = {isa = PBXFileReference; lastKnownFileType = text.plist.xml; path = Info.plist; sourceTree = "<group>"; };
		7042D796267352F400979361 /* JourneyCompetencyTestUITests.xctest */ = {isa = PBXFileReference; explicitFileType = wrapper.cfbundle; includeInIndex = 0; path = JourneyCompetencyTestUITests.xctest; sourceTree = BUILT_PRODUCTS_DIR; };
		7042D79A267352F400979361 /* JourneyCompetencyTestUITests.swift */ = {isa = PBXFileReference; lastKnownFileType = sourcecode.swift; path = JourneyCompetencyTestUITests.swift; sourceTree = "<group>"; };
		7042D79C267352F400979361 /* Info.plist */ = {isa = PBXFileReference; lastKnownFileType = text.plist.xml; path = Info.plist; sourceTree = "<group>"; };
		7042D7A92673546F00979361 /* Constants.swift */ = {isa = PBXFileReference; lastKnownFileType = sourcecode.swift; path = Constants.swift; sourceTree = "<group>"; };
		7042D7AB2673548300979361 /* AlamofireHelp.swift */ = {isa = PBXFileReference; lastKnownFileType = sourcecode.swift; path = AlamofireHelp.swift; sourceTree = "<group>"; };
		7042D7B82673568E00979361 /* Post.storyboard */ = {isa = PBXFileReference; lastKnownFileType = file.storyboard; path = Post.storyboard; sourceTree = "<group>"; };
		7042D7BA2673570F00979361 /* Post.swift */ = {isa = PBXFileReference; fileEncoding = 4; lastKnownFileType = sourcecode.swift; path = Post.swift; sourceTree = "<group>"; };
		7042D7BC2673580200979361 /* PostVC.swift */ = {isa = PBXFileReference; lastKnownFileType = sourcecode.swift; path = PostVC.swift; sourceTree = "<group>"; };
		7042D7BE2673584E00979361 /* PostRouter.swift */ = {isa = PBXFileReference; fileEncoding = 4; lastKnownFileType = sourcecode.swift; path = PostRouter.swift; sourceTree = "<group>"; };
		7042D7BF2673584E00979361 /* PostRouterInput.swift */ = {isa = PBXFileReference; fileEncoding = 4; lastKnownFileType = sourcecode.swift; path = PostRouterInput.swift; sourceTree = "<group>"; };
		7042D7C22673586600979361 /* PostInteractor.swift */ = {isa = PBXFileReference; fileEncoding = 4; lastKnownFileType = sourcecode.swift; path = PostInteractor.swift; sourceTree = "<group>"; };
		7042D7C32673586600979361 /* PostInteractorIO.swift */ = {isa = PBXFileReference; fileEncoding = 4; lastKnownFileType = sourcecode.swift; path = PostInteractorIO.swift; sourceTree = "<group>"; };
		7042D7C72673588F00979361 /* PostTableCell.swift */ = {isa = PBXFileReference; fileEncoding = 4; lastKnownFileType = sourcecode.swift; path = PostTableCell.swift; sourceTree = "<group>"; };
		7042D7C9267358A200979361 /* PostPresenter.swift */ = {isa = PBXFileReference; fileEncoding = 4; lastKnownFileType = sourcecode.swift; path = PostPresenter.swift; sourceTree = "<group>"; };
		7042D7CB267358B200979361 /* PostFactory.swift */ = {isa = PBXFileReference; fileEncoding = 4; lastKnownFileType = sourcecode.swift; path = PostFactory.swift; sourceTree = "<group>"; };
		7042D7CD267358EB00979361 /* PostIO.swift */ = {isa = PBXFileReference; fileEncoding = 4; lastKnownFileType = sourcecode.swift; path = PostIO.swift; sourceTree = "<group>"; };
		755532CDC842B111C7F3E6D3 /* Pods_JourneyCompetencyTest_JourneyCompetencyTestUITests.framework */ = {isa = PBXFileReference; explicitFileType = wrapper.framework; includeInIndex = 0; path = Pods_JourneyCompetencyTest_JourneyCompetencyTestUITests.framework; sourceTree = BUILT_PRODUCTS_DIR; };
		9048D173783AC3776B2893F4 /* Pods-JourneyCompetencyTestTests.release.xcconfig */ = {isa = PBXFileReference; includeInIndex = 1; lastKnownFileType = text.xcconfig; name = "Pods-JourneyCompetencyTestTests.release.xcconfig"; path = "Target Support Files/Pods-JourneyCompetencyTestTests/Pods-JourneyCompetencyTestTests.release.xcconfig"; sourceTree = "<group>"; };
		C026143E551A903DDF1F6997 /* Pods-JourneyCompetencyTestTests.debug.xcconfig */ = {isa = PBXFileReference; includeInIndex = 1; lastKnownFileType = text.xcconfig; name = "Pods-JourneyCompetencyTestTests.debug.xcconfig"; path = "Target Support Files/Pods-JourneyCompetencyTestTests/Pods-JourneyCompetencyTestTests.debug.xcconfig"; sourceTree = "<group>"; };
		CBB58844045DA37B6B88D0D9 /* Pods-JourneyCompetencyTest.release.xcconfig */ = {isa = PBXFileReference; includeInIndex = 1; lastKnownFileType = text.xcconfig; name = "Pods-JourneyCompetencyTest.release.xcconfig"; path = "Target Support Files/Pods-JourneyCompetencyTest/Pods-JourneyCompetencyTest.release.xcconfig"; sourceTree = "<group>"; };
		D1C113982065060A4551B5B4 /* Pods_JourneyCompetencyTestTests.framework */ = {isa = PBXFileReference; explicitFileType = wrapper.framework; includeInIndex = 0; path = Pods_JourneyCompetencyTestTests.framework; sourceTree = BUILT_PRODUCTS_DIR; };
/* End PBXFileReference section */

/* Begin PBXFrameworksBuildPhase section */
		7042D772267352F100979361 /* Frameworks */ = {
			isa = PBXFrameworksBuildPhase;
			buildActionMask = 2147483647;
			files = (
				D75888FB483064B24CBFA0D8 /* Pods_JourneyCompetencyTest.framework in Frameworks */,
			);
			runOnlyForDeploymentPostprocessing = 0;
		};
		7042D788267352F300979361 /* Frameworks */ = {
			isa = PBXFrameworksBuildPhase;
			buildActionMask = 2147483647;
			files = (
				8929B27CF4C7AB39E526A6E6 /* Pods_JourneyCompetencyTestTests.framework in Frameworks */,
			);
			runOnlyForDeploymentPostprocessing = 0;
		};
		7042D793267352F400979361 /* Frameworks */ = {
			isa = PBXFrameworksBuildPhase;
			buildActionMask = 2147483647;
			files = (
				C3068582A26F041011BF1EA6 /* Pods_JourneyCompetencyTest_JourneyCompetencyTestUITests.framework in Frameworks */,
			);
			runOnlyForDeploymentPostprocessing = 0;
		};
/* End PBXFrameworksBuildPhase section */

/* Begin PBXGroup section */
		39D96423C6D1EEB3D039B991 /* Pods */ = {
			isa = PBXGroup;
			children = (
				43163852294BFD7E082807B3 /* Pods-JourneyCompetencyTest.debug.xcconfig */,
				CBB58844045DA37B6B88D0D9 /* Pods-JourneyCompetencyTest.release.xcconfig */,
				2714B04C6DDD56460177DC81 /* Pods-JourneyCompetencyTest-JourneyCompetencyTestUITests.debug.xcconfig */,
				2029C137EB361083ADB87578 /* Pods-JourneyCompetencyTest-JourneyCompetencyTestUITests.release.xcconfig */,
				C026143E551A903DDF1F6997 /* Pods-JourneyCompetencyTestTests.debug.xcconfig */,
				9048D173783AC3776B2893F4 /* Pods-JourneyCompetencyTestTests.release.xcconfig */,
			);
			path = Pods;
			sourceTree = "<group>";
		};
		7042D76C267352F100979361 = {
			isa = PBXGroup;
			children = (
				7042D777267352F100979361 /* JourneyCompetencyTest */,
				7042D78E267352F400979361 /* JourneyCompetencyTestTests */,
				7042D799267352F400979361 /* JourneyCompetencyTestUITests */,
				7042D776267352F100979361 /* Products */,
				39D96423C6D1EEB3D039B991 /* Pods */,
				ADB9057A30E0E3A6394EB746 /* Frameworks */,
			);
			sourceTree = "<group>";
		};
		7042D776267352F100979361 /* Products */ = {
			isa = PBXGroup;
			children = (
				7042D775267352F100979361 /* JourneyCompetencyTest.app */,
				7042D78B267352F300979361 /* JourneyCompetencyTestTests.xctest */,
				7042D796267352F400979361 /* JourneyCompetencyTestUITests.xctest */,
			);
			name = Products;
			sourceTree = "<group>";
		};
		7042D777267352F100979361 /* JourneyCompetencyTest */ = {
			isa = PBXGroup;
			children = (
				7042D778267352F100979361 /* AppDelegate.swift */,
				7042D783267352F300979361 /* LaunchScreen.storyboard */,
				7042D7A82673545700979361 /* WebService */,
				7042D7AF267354BA00979361 /* Comments */,
				7042D7AE267354B000979361 /* Posts */,
				7042D781267352F300979361 /* Assets.xcassets */,
				7042D786267352F300979361 /* Info.plist */,
			);
			path = JourneyCompetencyTest;
			sourceTree = "<group>";
		};
		7042D78E267352F400979361 /* JourneyCompetencyTestTests */ = {
			isa = PBXGroup;
			children = (
				7042D78F267352F400979361 /* JourneyCompetencyTestTests.swift */,
				7042D791267352F400979361 /* Info.plist */,
			);
			path = JourneyCompetencyTestTests;
			sourceTree = "<group>";
		};
		7042D799267352F400979361 /* JourneyCompetencyTestUITests */ = {
			isa = PBXGroup;
			children = (
				7042D79A267352F400979361 /* JourneyCompetencyTestUITests.swift */,
				7042D79C267352F400979361 /* Info.plist */,
			);
			path = JourneyCompetencyTestUITests;
			sourceTree = "<group>";
		};
		7042D7A82673545700979361 /* WebService */ = {
			isa = PBXGroup;
			children = (
				7042D7AD2673549400979361 /* Models */,
				7042D7A92673546F00979361 /* Constants.swift */,
				7042D7AB2673548300979361 /* AlamofireHelp.swift */,
			);
			path = WebService;
			sourceTree = "<group>";
		};
		7042D7AD2673549400979361 /* Models */ = {
			isa = PBXGroup;
			children = (
				7042D7BA2673570F00979361 /* Post.swift */,
			);
			path = Models;
			sourceTree = "<group>";
		};
		7042D7AE267354B000979361 /* Posts */ = {
			isa = PBXGroup;
			children = (
				7042D7B72673556800979361 /* Presenter */,
				7042D7B62673556300979361 /* View */,
				7042D7B52673555900979361 /* Interactor */,
				7042D7B42673555300979361 /* Router */,
			);
			path = Posts;
			sourceTree = "<group>";
		};
		7042D7AF267354BA00979361 /* Comments */ = {
			isa = PBXGroup;
			children = (
				7042D7B32673554C00979361 /* Presenter */,
				7042D7B22673554700979361 /* View */,
				7042D7B12673554000979361 /* Interactor */,
				7042D7B02673553800979361 /* Router */,
			);
			path = Comments;
			sourceTree = "<group>";
		};
		7042D7B02673553800979361 /* Router */ = {
			isa = PBXGroup;
			children = (
			);
			path = Router;
			sourceTree = "<group>";
		};
		7042D7B12673554000979361 /* Interactor */ = {
			isa = PBXGroup;
			children = (
			);
			path = Interactor;
			sourceTree = "<group>";
		};
		7042D7B22673554700979361 /* View */ = {
			isa = PBXGroup;
			children = (
			);
			path = View;
			sourceTree = "<group>";
		};
		7042D7B32673554C00979361 /* Presenter */ = {
			isa = PBXGroup;
			children = (
			);
			path = Presenter;
			sourceTree = "<group>";
		};
		7042D7B42673555300979361 /* Router */ = {
			isa = PBXGroup;
			children = (
				7042D7BE2673584E00979361 /* PostRouter.swift */,
				7042D7BF2673584E00979361 /* PostRouterInput.swift */,
			);
			path = Router;
			sourceTree = "<group>";
		};
		7042D7B52673555900979361 /* Interactor */ = {
			isa = PBXGroup;
			children = (
				7042D7C22673586600979361 /* PostInteractor.swift */,
				7042D7C32673586600979361 /* PostInteractorIO.swift */,
			);
			path = Interactor;
			sourceTree = "<group>";
		};
		7042D7B62673556300979361 /* View */ = {
			isa = PBXGroup;
			children = (
				7042D7B82673568E00979361 /* Post.storyboard */,
				7042D7BC2673580200979361 /* PostVC.swift */,
				7042D7CD267358EB00979361 /* PostIO.swift */,
				7042D7C62673588F00979361 /* Cell */,
			);
			path = View;
			sourceTree = "<group>";
		};
		7042D7B72673556800979361 /* Presenter */ = {
			isa = PBXGroup;
			children = (
				7042D7C9267358A200979361 /* PostPresenter.swift */,
				7042D7CB267358B200979361 /* PostFactory.swift */,
			);
			path = Presenter;
			sourceTree = "<group>";
		};
		7042D7C62673588F00979361 /* Cell */ = {
			isa = PBXGroup;
			children = (
				7042D7C72673588F00979361 /* PostTableCell.swift */,
			);
			path = Cell;
			sourceTree = "<group>";
		};
		ADB9057A30E0E3A6394EB746 /* Frameworks */ = {
			isa = PBXGroup;
			children = (
				28D5CFE507FC3FDE63D4F8AF /* Pods_JourneyCompetencyTest.framework */,
				755532CDC842B111C7F3E6D3 /* Pods_JourneyCompetencyTest_JourneyCompetencyTestUITests.framework */,
				D1C113982065060A4551B5B4 /* Pods_JourneyCompetencyTestTests.framework */,
			);
			name = Frameworks;
			sourceTree = "<group>";
		};
/* End PBXGroup section */

/* Begin PBXNativeTarget section */
		7042D774267352F100979361 /* JourneyCompetencyTest */ = {
			isa = PBXNativeTarget;
			buildConfigurationList = 7042D79F267352F400979361 /* Build configuration list for PBXNativeTarget "JourneyCompetencyTest" */;
			buildPhases = (
				060374CB9EDB3EC1193B7BB9 /* [CP] Check Pods Manifest.lock */,
				7042D771267352F100979361 /* Sources */,
				7042D772267352F100979361 /* Frameworks */,
				7042D773267352F100979361 /* Resources */,
				6E358E0DE957A581908F181A /* [CP] Embed Pods Frameworks */,
			);
			buildRules = (
			);
			dependencies = (
			);
			name = JourneyCompetencyTest;
			productName = JourneyCompetencyTest;
			productReference = 7042D775267352F100979361 /* JourneyCompetencyTest.app */;
			productType = "com.apple.product-type.application";
		};
		7042D78A267352F300979361 /* JourneyCompetencyTestTests */ = {
			isa = PBXNativeTarget;
			buildConfigurationList = 7042D7A2267352F400979361 /* Build configuration list for PBXNativeTarget "JourneyCompetencyTestTests" */;
			buildPhases = (
				301222143192C94E9B3E6F00 /* [CP] Check Pods Manifest.lock */,
				7042D787267352F300979361 /* Sources */,
				7042D788267352F300979361 /* Frameworks */,
				7042D789267352F300979361 /* Resources */,
			);
			buildRules = (
			);
			dependencies = (
				7042D78D267352F300979361 /* PBXTargetDependency */,
			);
			name = JourneyCompetencyTestTests;
			productName = JourneyCompetencyTestTests;
			productReference = 7042D78B267352F300979361 /* JourneyCompetencyTestTests.xctest */;
			productType = "com.apple.product-type.bundle.unit-test";
		};
		7042D795267352F400979361 /* JourneyCompetencyTestUITests */ = {
			isa = PBXNativeTarget;
			buildConfigurationList = 7042D7A5267352F400979361 /* Build configuration list for PBXNativeTarget "JourneyCompetencyTestUITests" */;
			buildPhases = (
				2669DBBB28C3BBFEAF191141 /* [CP] Check Pods Manifest.lock */,
				7042D792267352F400979361 /* Sources */,
				7042D793267352F400979361 /* Frameworks */,
				7042D794267352F400979361 /* Resources */,
				227A38CBC9C8C6D64DE0E0DC /* [CP] Embed Pods Frameworks */,
			);
			buildRules = (
			);
			dependencies = (
				7042D798267352F400979361 /* PBXTargetDependency */,
			);
			name = JourneyCompetencyTestUITests;
			productName = JourneyCompetencyTestUITests;
			productReference = 7042D796267352F400979361 /* JourneyCompetencyTestUITests.xctest */;
			productType = "com.apple.product-type.bundle.ui-testing";
		};
/* End PBXNativeTarget section */

/* Begin PBXProject section */
		7042D76D267352F100979361 /* Project object */ = {
			isa = PBXProject;
			attributes = {
				LastSwiftUpdateCheck = 1250;
				LastUpgradeCheck = 1250;
				TargetAttributes = {
					7042D774267352F100979361 = {
						CreatedOnToolsVersion = 12.5;
					};
					7042D78A267352F300979361 = {
						CreatedOnToolsVersion = 12.5;
						TestTargetID = 7042D774267352F100979361;
					};
					7042D795267352F400979361 = {
						CreatedOnToolsVersion = 12.5;
						TestTargetID = 7042D774267352F100979361;
					};
				};
			};
			buildConfigurationList = 7042D770267352F100979361 /* Build configuration list for PBXProject "JourneyCompetencyTest" */;
			compatibilityVersion = "Xcode 9.3";
			developmentRegion = en;
			hasScannedForEncodings = 0;
			knownRegions = (
				en,
				Base,
			);
			mainGroup = 7042D76C267352F100979361;
			productRefGroup = 7042D776267352F100979361 /* Products */;
			projectDirPath = "";
			projectRoot = "";
			targets = (
				7042D774267352F100979361 /* JourneyCompetencyTest */,
				7042D78A267352F300979361 /* JourneyCompetencyTestTests */,
				7042D795267352F400979361 /* JourneyCompetencyTestUITests */,
			);
		};
/* End PBXProject section */

/* Begin PBXResourcesBuildPhase section */
		7042D773267352F100979361 /* Resources */ = {
			isa = PBXResourcesBuildPhase;
			buildActionMask = 2147483647;
			files = (
				7042D785267352F300979361 /* LaunchScreen.storyboard in Resources */,
				7042D7B92673568E00979361 /* Post.storyboard in Resources */,
				7042D782267352F300979361 /* Assets.xcassets in Resources */,
			);
			runOnlyForDeploymentPostprocessing = 0;
		};
		7042D789267352F300979361 /* Resources */ = {
			isa = PBXResourcesBuildPhase;
			buildActionMask = 2147483647;
			files = (
			);
			runOnlyForDeploymentPostprocessing = 0;
		};
		7042D794267352F400979361 /* Resources */ = {
			isa = PBXResourcesBuildPhase;
			buildActionMask = 2147483647;
			files = (
			);
			runOnlyForDeploymentPostprocessing = 0;
		};
/* End PBXResourcesBuildPhase section */

/* Begin PBXShellScriptBuildPhase section */
		060374CB9EDB3EC1193B7BB9 /* [CP] Check Pods Manifest.lock */ = {
			isa = PBXShellScriptBuildPhase;
			buildActionMask = 2147483647;
			files = (
			);
			inputFileListPaths = (
			);
			inputPaths = (
				"${PODS_PODFILE_DIR_PATH}/Podfile.lock",
				"${PODS_ROOT}/Manifest.lock",
			);
			name = "[CP] Check Pods Manifest.lock";
			outputFileListPaths = (
			);
			outputPaths = (
				"$(DERIVED_FILE_DIR)/Pods-JourneyCompetencyTest-checkManifestLockResult.txt",
			);
			runOnlyForDeploymentPostprocessing = 0;
			shellPath = /bin/sh;
			shellScript = "diff \"${PODS_PODFILE_DIR_PATH}/Podfile.lock\" \"${PODS_ROOT}/Manifest.lock\" > /dev/null\nif [ $? != 0 ] ; then\n    # print error to STDERR\n    echo \"error: The sandbox is not in sync with the Podfile.lock. Run 'pod install' or update your CocoaPods installation.\" >&2\n    exit 1\nfi\n# This output is used by Xcode 'outputs' to avoid re-running this script phase.\necho \"SUCCESS\" > \"${SCRIPT_OUTPUT_FILE_0}\"\n";
			showEnvVarsInLog = 0;
		};
		227A38CBC9C8C6D64DE0E0DC /* [CP] Embed Pods Frameworks */ = {
			isa = PBXShellScriptBuildPhase;
			buildActionMask = 2147483647;
			files = (
			);
			inputFileListPaths = (
				"${PODS_ROOT}/Target Support Files/Pods-JourneyCompetencyTest-JourneyCompetencyTestUITests/Pods-JourneyCompetencyTest-JourneyCompetencyTestUITests-frameworks-${CONFIGURATION}-input-files.xcfilelist",
			);
			name = "[CP] Embed Pods Frameworks";
			outputFileListPaths = (
				"${PODS_ROOT}/Target Support Files/Pods-JourneyCompetencyTest-JourneyCompetencyTestUITests/Pods-JourneyCompetencyTest-JourneyCompetencyTestUITests-frameworks-${CONFIGURATION}-output-files.xcfilelist",
			);
			runOnlyForDeploymentPostprocessing = 0;
			shellPath = /bin/sh;
			shellScript = "\"${PODS_ROOT}/Target Support Files/Pods-JourneyCompetencyTest-JourneyCompetencyTestUITests/Pods-JourneyCompetencyTest-JourneyCompetencyTestUITests-frameworks.sh\"\n";
			showEnvVarsInLog = 0;
		};
		2669DBBB28C3BBFEAF191141 /* [CP] Check Pods Manifest.lock */ = {
			isa = PBXShellScriptBuildPhase;
			buildActionMask = 2147483647;
			files = (
			);
			inputFileListPaths = (
			);
			inputPaths = (
				"${PODS_PODFILE_DIR_PATH}/Podfile.lock",
				"${PODS_ROOT}/Manifest.lock",
			);
			name = "[CP] Check Pods Manifest.lock";
			outputFileListPaths = (
			);
			outputPaths = (
				"$(DERIVED_FILE_DIR)/Pods-JourneyCompetencyTest-JourneyCompetencyTestUITests-checkManifestLockResult.txt",
			);
			runOnlyForDeploymentPostprocessing = 0;
			shellPath = /bin/sh;
			shellScript = "diff \"${PODS_PODFILE_DIR_PATH}/Podfile.lock\" \"${PODS_ROOT}/Manifest.lock\" > /dev/null\nif [ $? != 0 ] ; then\n    # print error to STDERR\n    echo \"error: The sandbox is not in sync with the Podfile.lock. Run 'pod install' or update your CocoaPods installation.\" >&2\n    exit 1\nfi\n# This output is used by Xcode 'outputs' to avoid re-running this script phase.\necho \"SUCCESS\" > \"${SCRIPT_OUTPUT_FILE_0}\"\n";
			showEnvVarsInLog = 0;
		};
		301222143192C94E9B3E6F00 /* [CP] Check Pods Manifest.lock */ = {
			isa = PBXShellScriptBuildPhase;
			buildActionMask = 2147483647;
			files = (
			);
			inputFileListPaths = (
			);
			inputPaths = (
				"${PODS_PODFILE_DIR_PATH}/Podfile.lock",
				"${PODS_ROOT}/Manifest.lock",
			);
			name = "[CP] Check Pods Manifest.lock";
			outputFileListPaths = (
			);
			outputPaths = (
				"$(DERIVED_FILE_DIR)/Pods-JourneyCompetencyTestTests-checkManifestLockResult.txt",
			);
			runOnlyForDeploymentPostprocessing = 0;
			shellPath = /bin/sh;
			shellScript = "diff \"${PODS_PODFILE_DIR_PATH}/Podfile.lock\" \"${PODS_ROOT}/Manifest.lock\" > /dev/null\nif [ $? != 0 ] ; then\n    # print error to STDERR\n    echo \"error: The sandbox is not in sync with the Podfile.lock. Run 'pod install' or update your CocoaPods installation.\" >&2\n    exit 1\nfi\n# This output is used by Xcode 'outputs' to avoid re-running this script phase.\necho \"SUCCESS\" > \"${SCRIPT_OUTPUT_FILE_0}\"\n";
			showEnvVarsInLog = 0;
		};
		6E358E0DE957A581908F181A /* [CP] Embed Pods Frameworks */ = {
			isa = PBXShellScriptBuildPhase;
			buildActionMask = 2147483647;
			files = (
			);
			inputFileListPaths = (
				"${PODS_ROOT}/Target Support Files/Pods-JourneyCompetencyTest/Pods-JourneyCompetencyTest-frameworks-${CONFIGURATION}-input-files.xcfilelist",
			);
			name = "[CP] Embed Pods Frameworks";
			outputFileListPaths = (
				"${PODS_ROOT}/Target Support Files/Pods-JourneyCompetencyTest/Pods-JourneyCompetencyTest-frameworks-${CONFIGURATION}-output-files.xcfilelist",
			);
			runOnlyForDeploymentPostprocessing = 0;
			shellPath = /bin/sh;
			shellScript = "\"${PODS_ROOT}/Target Support Files/Pods-JourneyCompetencyTest/Pods-JourneyCompetencyTest-frameworks.sh\"\n";
			showEnvVarsInLog = 0;
		};
/* End PBXShellScriptBuildPhase section */

/* Begin PBXSourcesBuildPhase section */
		7042D771267352F100979361 /* Sources */ = {
			isa = PBXSourcesBuildPhase;
			buildActionMask = 2147483647;
			files = (
				7042D7CE267358EB00979361 /* PostIO.swift in Sources */,
				7042D7C82673588F00979361 /* PostTableCell.swift in Sources */,
				7042D7C42673586600979361 /* PostInteractor.swift in Sources */,
				7042D7C12673584E00979361 /* PostRouterInput.swift in Sources */,
				7042D7AC2673548300979361 /* AlamofireHelp.swift in Sources */,
				7042D779267352F100979361 /* AppDelegate.swift in Sources */,
				7042D7CA267358A200979361 /* PostPresenter.swift in Sources */,
				7042D7CC267358B200979361 /* PostFactory.swift in Sources */,
				7042D7AA2673546F00979361 /* Constants.swift in Sources */,
				7042D7BB2673570F00979361 /* Post.swift in Sources */,
				7042D7C02673584E00979361 /* PostRouter.swift in Sources */,
				7042D7C52673586600979361 /* PostInteractorIO.swift in Sources */,
				7042D7BD2673580200979361 /* PostVC.swift in Sources */,
			);
			runOnlyForDeploymentPostprocessing = 0;
		};
		7042D787267352F300979361 /* Sources */ = {
			isa = PBXSourcesBuildPhase;
			buildActionMask = 2147483647;
			files = (
				7042D790267352F400979361 /* JourneyCompetencyTestTests.swift in Sources */,
			);
			runOnlyForDeploymentPostprocessing = 0;
		};
		7042D792267352F400979361 /* Sources */ = {
			isa = PBXSourcesBuildPhase;
			buildActionMask = 2147483647;
			files = (
				7042D79B267352F400979361 /* JourneyCompetencyTestUITests.swift in Sources */,
			);
			runOnlyForDeploymentPostprocessing = 0;
		};
/* End PBXSourcesBuildPhase section */

/* Begin PBXTargetDependency section */
		7042D78D267352F300979361 /* PBXTargetDependency */ = {
			isa = PBXTargetDependency;
			target = 7042D774267352F100979361 /* JourneyCompetencyTest */;
			targetProxy = 7042D78C267352F300979361 /* PBXContainerItemProxy */;
		};
		7042D798267352F400979361 /* PBXTargetDependency */ = {
			isa = PBXTargetDependency;
			target = 7042D774267352F100979361 /* JourneyCompetencyTest */;
			targetProxy = 7042D797267352F400979361 /* PBXContainerItemProxy */;
		};
/* End PBXTargetDependency section */

/* Begin PBXVariantGroup section */
		7042D783267352F300979361 /* LaunchScreen.storyboard */ = {
			isa = PBXVariantGroup;
			children = (
				7042D784267352F300979361 /* Base */,
			);
			name = LaunchScreen.storyboard;
			sourceTree = "<group>";
		};
/* End PBXVariantGroup section */

/* Begin XCBuildConfiguration section */
		7042D79D267352F400979361 /* Debug */ = {
			isa = XCBuildConfiguration;
			buildSettings = {
				ALWAYS_SEARCH_USER_PATHS = NO;
				CLANG_ANALYZER_NONNULL = YES;
				CLANG_ANALYZER_NUMBER_OBJECT_CONVERSION = YES_AGGRESSIVE;
				CLANG_CXX_LANGUAGE_STANDARD = "gnu++14";
				CLANG_CXX_LIBRARY = "libc++";
				CLANG_ENABLE_MODULES = YES;
				CLANG_ENABLE_OBJC_ARC = YES;
				CLANG_ENABLE_OBJC_WEAK = YES;
				CLANG_WARN_BLOCK_CAPTURE_AUTORELEASING = YES;
				CLANG_WARN_BOOL_CONVERSION = YES;
				CLANG_WARN_COMMA = YES;
				CLANG_WARN_CONSTANT_CONVERSION = YES;
				CLANG_WARN_DEPRECATED_OBJC_IMPLEMENTATIONS = YES;
				CLANG_WARN_DIRECT_OBJC_ISA_USAGE = YES_ERROR;
				CLANG_WARN_DOCUMENTATION_COMMENTS = YES;
				CLANG_WARN_EMPTY_BODY = YES;
				CLANG_WARN_ENUM_CONVERSION = YES;
				CLANG_WARN_INFINITE_RECURSION = YES;
				CLANG_WARN_INT_CONVERSION = YES;
				CLANG_WARN_NON_LITERAL_NULL_CONVERSION = YES;
				CLANG_WARN_OBJC_IMPLICIT_RETAIN_SELF = YES;
				CLANG_WARN_OBJC_LITERAL_CONVERSION = YES;
				CLANG_WARN_OBJC_ROOT_CLASS = YES_ERROR;
				CLANG_WARN_QUOTED_INCLUDE_IN_FRAMEWORK_HEADER = YES;
				CLANG_WARN_RANGE_LOOP_ANALYSIS = YES;
				CLANG_WARN_STRICT_PROTOTYPES = YES;
				CLANG_WARN_SUSPICIOUS_MOVE = YES;
				CLANG_WARN_UNGUARDED_AVAILABILITY = YES_AGGRESSIVE;
				CLANG_WARN_UNREACHABLE_CODE = YES;
				CLANG_WARN__DUPLICATE_METHOD_MATCH = YES;
				COPY_PHASE_STRIP = NO;
				DEBUG_INFORMATION_FORMAT = dwarf;
				ENABLE_STRICT_OBJC_MSGSEND = YES;
				ENABLE_TESTABILITY = YES;
				GCC_C_LANGUAGE_STANDARD = gnu11;
				GCC_DYNAMIC_NO_PIC = NO;
				GCC_NO_COMMON_BLOCKS = YES;
				GCC_OPTIMIZATION_LEVEL = 0;
				GCC_PREPROCESSOR_DEFINITIONS = (
					"DEBUG=1",
					"$(inherited)",
				);
				GCC_WARN_64_TO_32_BIT_CONVERSION = YES;
				GCC_WARN_ABOUT_RETURN_TYPE = YES_ERROR;
				GCC_WARN_UNDECLARED_SELECTOR = YES;
				GCC_WARN_UNINITIALIZED_AUTOS = YES_AGGRESSIVE;
				GCC_WARN_UNUSED_FUNCTION = YES;
				GCC_WARN_UNUSED_VARIABLE = YES;
				IPHONEOS_DEPLOYMENT_TARGET = 14.5;
				MTL_ENABLE_DEBUG_INFO = INCLUDE_SOURCE;
				MTL_FAST_MATH = YES;
				ONLY_ACTIVE_ARCH = YES;
				SDKROOT = iphoneos;
				SWIFT_ACTIVE_COMPILATION_CONDITIONS = DEBUG;
				SWIFT_OPTIMIZATION_LEVEL = "-Onone";
			};
			name = Debug;
		};
		7042D79E267352F400979361 /* Release */ = {
			isa = XCBuildConfiguration;
			buildSettings = {
				ALWAYS_SEARCH_USER_PATHS = NO;
				CLANG_ANALYZER_NONNULL = YES;
				CLANG_ANALYZER_NUMBER_OBJECT_CONVERSION = YES_AGGRESSIVE;
				CLANG_CXX_LANGUAGE_STANDARD = "gnu++14";
				CLANG_CXX_LIBRARY = "libc++";
				CLANG_ENABLE_MODULES = YES;
				CLANG_ENABLE_OBJC_ARC = YES;
				CLANG_ENABLE_OBJC_WEAK = YES;
				CLANG_WARN_BLOCK_CAPTURE_AUTORELEASING = YES;
				CLANG_WARN_BOOL_CONVERSION = YES;
				CLANG_WARN_COMMA = YES;
				CLANG_WARN_CONSTANT_CONVERSION = YES;
				CLANG_WARN_DEPRECATED_OBJC_IMPLEMENTATIONS = YES;
				CLANG_WARN_DIRECT_OBJC_ISA_USAGE = YES_ERROR;
				CLANG_WARN_DOCUMENTATION_COMMENTS = YES;
				CLANG_WARN_EMPTY_BODY = YES;
				CLANG_WARN_ENUM_CONVERSION = YES;
				CLANG_WARN_INFINITE_RECURSION = YES;
				CLANG_WARN_INT_CONVERSION = YES;
				CLANG_WARN_NON_LITERAL_NULL_CONVERSION = YES;
				CLANG_WARN_OBJC_IMPLICIT_RETAIN_SELF = YES;
				CLANG_WARN_OBJC_LITERAL_CONVERSION = YES;
				CLANG_WARN_OBJC_ROOT_CLASS = YES_ERROR;
				CLANG_WARN_QUOTED_INCLUDE_IN_FRAMEWORK_HEADER = YES;
				CLANG_WARN_RANGE_LOOP_ANALYSIS = YES;
				CLANG_WARN_STRICT_PROTOTYPES = YES;
				CLANG_WARN_SUSPICIOUS_MOVE = YES;
				CLANG_WARN_UNGUARDED_AVAILABILITY = YES_AGGRESSIVE;
				CLANG_WARN_UNREACHABLE_CODE = YES;
				CLANG_WARN__DUPLICATE_METHOD_MATCH = YES;
				COPY_PHASE_STRIP = NO;
				DEBUG_INFORMATION_FORMAT = "dwarf-with-dsym";
				ENABLE_NS_ASSERTIONS = NO;
				ENABLE_STRICT_OBJC_MSGSEND = YES;
				GCC_C_LANGUAGE_STANDARD = gnu11;
				GCC_NO_COMMON_BLOCKS = YES;
				GCC_WARN_64_TO_32_BIT_CONVERSION = YES;
				GCC_WARN_ABOUT_RETURN_TYPE = YES_ERROR;
				GCC_WARN_UNDECLARED_SELECTOR = YES;
				GCC_WARN_UNINITIALIZED_AUTOS = YES_AGGRESSIVE;
				GCC_WARN_UNUSED_FUNCTION = YES;
				GCC_WARN_UNUSED_VARIABLE = YES;
				IPHONEOS_DEPLOYMENT_TARGET = 14.5;
				MTL_ENABLE_DEBUG_INFO = NO;
				MTL_FAST_MATH = YES;
				SDKROOT = iphoneos;
				SWIFT_COMPILATION_MODE = wholemodule;
				SWIFT_OPTIMIZATION_LEVEL = "-O";
				VALIDATE_PRODUCT = YES;
			};
			name = Release;
		};
		7042D7A0267352F400979361 /* Debug */ = {
			isa = XCBuildConfiguration;
			baseConfigurationReference = 43163852294BFD7E082807B3 /* Pods-JourneyCompetencyTest.debug.xcconfig */;
			buildSettings = {
				ASSETCATALOG_COMPILER_APPICON_NAME = AppIcon;
				ASSETCATALOG_COMPILER_GLOBAL_ACCENT_COLOR_NAME = AccentColor;
				CODE_SIGN_STYLE = Automatic;
				INFOPLIST_FILE = JourneyCompetencyTest/Info.plist;
				LD_RUNPATH_SEARCH_PATHS = (
					"$(inherited)",
					"@executable_path/Frameworks",
				);
				PRODUCT_BUNDLE_IDENTIFIER = com.RavinaKaniyawala.JourneyCompetencyTest;
				PRODUCT_NAME = "$(TARGET_NAME)";
				SWIFT_VERSION = 5.0;
				TARGETED_DEVICE_FAMILY = "1,2";
			};
			name = Debug;
		};
		7042D7A1267352F400979361 /* Release */ = {
			isa = XCBuildConfiguration;
			baseConfigurationReference = CBB58844045DA37B6B88D0D9 /* Pods-JourneyCompetencyTest.release.xcconfig */;
			buildSettings = {
				ASSETCATALOG_COMPILER_APPICON_NAME = AppIcon;
				ASSETCATALOG_COMPILER_GLOBAL_ACCENT_COLOR_NAME = AccentColor;
				CODE_SIGN_STYLE = Automatic;
				INFOPLIST_FILE = JourneyCompetencyTest/Info.plist;
				LD_RUNPATH_SEARCH_PATHS = (
					"$(inherited)",
					"@executable_path/Frameworks",
				);
				PRODUCT_BUNDLE_IDENTIFIER = com.RavinaKaniyawala.JourneyCompetencyTest;
				PRODUCT_NAME = "$(TARGET_NAME)";
				SWIFT_VERSION = 5.0;
				TARGETED_DEVICE_FAMILY = "1,2";
			};
			name = Release;
		};
		7042D7A3267352F400979361 /* Debug */ = {
			isa = XCBuildConfiguration;
			baseConfigurationReference = C026143E551A903DDF1F6997 /* Pods-JourneyCompetencyTestTests.debug.xcconfig */;
			buildSettings = {
				ALWAYS_EMBED_SWIFT_STANDARD_LIBRARIES = YES;
				BUNDLE_LOADER = "$(TEST_HOST)";
				CODE_SIGN_STYLE = Automatic;
				INFOPLIST_FILE = JourneyCompetencyTestTests/Info.plist;
				IPHONEOS_DEPLOYMENT_TARGET = 14.5;
				LD_RUNPATH_SEARCH_PATHS = (
					"$(inherited)",
					"@executable_path/Frameworks",
					"@loader_path/Frameworks",
				);
				PRODUCT_BUNDLE_IDENTIFIER = com.RavinaKaniyawala.JourneyCompetencyTestTests;
				PRODUCT_NAME = "$(TARGET_NAME)";
				SWIFT_VERSION = 5.0;
				TARGETED_DEVICE_FAMILY = "1,2";
				TEST_HOST = "$(BUILT_PRODUCTS_DIR)/JourneyCompetencyTest.app/JourneyCompetencyTest";
			};
			name = Debug;
		};
		7042D7A4267352F400979361 /* Release */ = {
			isa = XCBuildConfiguration;
			baseConfigurationReference = 9048D173783AC3776B2893F4 /* Pods-JourneyCompetencyTestTests.release.xcconfig */;
			buildSettings = {
				ALWAYS_EMBED_SWIFT_STANDARD_LIBRARIES = YES;
				BUNDLE_LOADER = "$(TEST_HOST)";
				CODE_SIGN_STYLE = Automatic;
				INFOPLIST_FILE = JourneyCompetencyTestTests/Info.plist;
				IPHONEOS_DEPLOYMENT_TARGET = 14.5;
				LD_RUNPATH_SEARCH_PATHS = (
					"$(inherited)",
					"@executable_path/Frameworks",
					"@loader_path/Frameworks",
				);
				PRODUCT_BUNDLE_IDENTIFIER = com.RavinaKaniyawala.JourneyCompetencyTestTests;
				PRODUCT_NAME = "$(TARGET_NAME)";
				SWIFT_VERSION = 5.0;
				TARGETED_DEVICE_FAMILY = "1,2";
				TEST_HOST = "$(BUILT_PRODUCTS_DIR)/JourneyCompetencyTest.app/JourneyCompetencyTest";
			};
			name = Release;
		};
		7042D7A6267352F400979361 /* Debug */ = {
			isa = XCBuildConfiguration;
			baseConfigurationReference = 2714B04C6DDD56460177DC81 /* Pods-JourneyCompetencyTest-JourneyCompetencyTestUITests.debug.xcconfig */;
			buildSettings = {
				ALWAYS_EMBED_SWIFT_STANDARD_LIBRARIES = YES;
				CODE_SIGN_STYLE = Automatic;
				INFOPLIST_FILE = JourneyCompetencyTestUITests/Info.plist;
				LD_RUNPATH_SEARCH_PATHS = (
					"$(inherited)",
					"@executable_path/Frameworks",
					"@loader_path/Frameworks",
				);
				PRODUCT_BUNDLE_IDENTIFIER = com.RavinaKaniyawala.JourneyCompetencyTestUITests;
				PRODUCT_NAME = "$(TARGET_NAME)";
				SWIFT_VERSION = 5.0;
				TARGETED_DEVICE_FAMILY = "1,2";
				TEST_TARGET_NAME = JourneyCompetencyTest;
			};
			name = Debug;
		};
		7042D7A7267352F400979361 /* Release */ = {
			isa = XCBuildConfiguration;
			baseConfigurationReference = 2029C137EB361083ADB87578 /* Pods-JourneyCompetencyTest-JourneyCompetencyTestUITests.release.xcconfig */;
			buildSettings = {
				ALWAYS_EMBED_SWIFT_STANDARD_LIBRARIES = YES;
				CODE_SIGN_STYLE = Automatic;
				INFOPLIST_FILE = JourneyCompetencyTestUITests/Info.plist;
				LD_RUNPATH_SEARCH_PATHS = (
					"$(inherited)",
					"@executable_path/Frameworks",
					"@loader_path/Frameworks",
				);
				PRODUCT_BUNDLE_IDENTIFIER = com.RavinaKaniyawala.JourneyCompetencyTestUITests;
				PRODUCT_NAME = "$(TARGET_NAME)";
				SWIFT_VERSION = 5.0;
				TARGETED_DEVICE_FAMILY = "1,2";
				TEST_TARGET_NAME = JourneyCompetencyTest;
			};
			name = Release;
		};
/* End XCBuildConfiguration section */

/* Begin XCConfigurationList section */
		7042D770267352F100979361 /* Build configuration list for PBXProject "JourneyCompetencyTest" */ = {
			isa = XCConfigurationList;
			buildConfigurations = (
				7042D79D267352F400979361 /* Debug */,
				7042D79E267352F400979361 /* Release */,
			);
			defaultConfigurationIsVisible = 0;
			defaultConfigurationName = Release;
		};
		7042D79F267352F400979361 /* Build configuration list for PBXNativeTarget "JourneyCompetencyTest" */ = {
			isa = XCConfigurationList;
			buildConfigurations = (
				7042D7A0267352F400979361 /* Debug */,
				7042D7A1267352F400979361 /* Release */,
			);
			defaultConfigurationIsVisible = 0;
			defaultConfigurationName = Release;
		};
		7042D7A2267352F400979361 /* Build configuration list for PBXNativeTarget "JourneyCompetencyTestTests" */ = {
			isa = XCConfigurationList;
			buildConfigurations = (
				7042D7A3267352F400979361 /* Debug */,
				7042D7A4267352F400979361 /* Release */,
			);
			defaultConfigurationIsVisible = 0;
			defaultConfigurationName = Release;
		};
		7042D7A5267352F400979361 /* Build configuration list for PBXNativeTarget "JourneyCompetencyTestUITests" */ = {
			isa = XCConfigurationList;
			buildConfigurations = (
				7042D7A6267352F400979361 /* Debug */,
				7042D7A7267352F400979361 /* Release */,
			);
			defaultConfigurationIsVisible = 0;
			defaultConfigurationName = Release;
		};
/* End XCConfigurationList section */
	};
	rootObject = 7042D76D267352F100979361 /* Project object */;
}
